# This file is automatically @generated by Cargo.
# It is not intended for manual editing.
[[package]]
name = "indoc"
version = "1.0.2"
source = "registry+https://github.com/rust-lang/crates.io-index"
checksum = "644defcefee68d7805653a682e99a2e2a5014a1fc3cc9be7059a215844eeea6f"
dependencies = [
 "unindent",
]

[[package]]
name = "rekee"
version = "0.1.1"
dependencies = [
 "indoc",
 "svg",
]

[[package]]
name = "svg"
version = "0.8.0"
source = "registry+https://github.com/rust-lang/crates.io-index"
checksum = "0b65a64d32a41db2a8081aa03c1ccca26f246ff681add693f8b01307b137da79"

[[package]]
name = "unindent"
version = "0.1.6"
source = "registry+https://github.com/rust-lang/crates.io-index"
checksum = "af41d708427f8fd0e915dcebb2cae0f0e6acb2a939b2d399c265c39a38a18942"
